{
    "_meta": {
        "hash": {
            "sha256": "7cf369b6265b78ae6e2052471a32d256b7b97634ae19b30aeb51a8393a017fab"
        },
        "pipfile-spec": 6,
        "requires": {
            "python_version": "3.6"
        },
        "sources": [
            {
                "name": "pypi",
                "url": "https://pypi.org/simple",
                "verify_ssl": true
            }
        ]
    },
    "default": {},
    "develop": {}
}
